github.com/bitwarden/sdk-go v1.0.2 h1:krk5et4sfksLDDcrYHcs8f3jL/TGcQ1EShw4CG21JSI=
github.com/bitwarden/sdk-go v1.0.2/go.mod h1:RuYh+gqffp3h8wNUVWz1bvp2Pho10AFz+WIlI26iWY4=
github.com/goccy/go-yaml v1.19.2 h1:PmFC1S6h8ljIz6gMRBopkjP1TVT7xuwrButHID66PoM=
github.com/goccy/go-yaml v1.19.2/go.mod h1:XBurs7gK8ATbW4ZPGKgcbrY1Br56PdM69F7LkFRi1kA=
